
Microsoft Visual Studio Solution File, Format Version 12.00
# Visual Studio Version 17
VisualStudioVersion = 17.1.32328.378
MinimumVisualStudioVersion = 10.0.40219.1
Project("{8BC9CEB8-8B4A-11D0-8D11-00A0C91BC942}") = "Header files", "Header files\Header files.vcxproj", "{9C3C67C3-ABC8-49DE-94B3-362A4E91E102}"
EndProject
Global
	GlobalSection(SolutionConfigurationPlatforms) = preSolution
		Debug|x64 = Debug|x64
		Debug|x86 = Debug|x86
		Release|x64 = Release|x64
		Release|x86 = Release|x86
	EndGlobalSection
	GlobalSection(ProjectConfigurationPlatforms) = postSolution
		{9C3C67C3-ABC8-49DE-94B3-362A4E91E102}.Debug|x64.ActiveCfg = Debug|x64
		{9C3C67C3-ABC8-49DE-94B3-362A4E91E102}.Debug|x64.Build.0 = Debug|x64
		{9C3C67C3-ABC8-49DE-94B3-362A4E91E102}.Debug|x86.ActiveCfg = Debug|Win32
		{9C3C67C3-ABC8-49DE-94B3-362A4E91E102}.Debug|x86.Build.0 = Debug|Win32
		{9C3C67C3-ABC8-49DE-94B3-362A4E91E102}.Release|x64.ActiveCfg = Release|x64
		{9C3C67C3-ABC8-49DE-94B3-362A4E91E102}.Release|x64.Build.0 = Release|x64
		{9C3C67C3-ABC8-49DE-94B3-362A4E91E102}.Release|x86.ActiveCfg = Release|Win32
		{9C3C67C3-ABC8-49DE-94B3-362A4E91E102}.Release|x86.Build.0 = Release|Win32
	EndGlobalSection
	GlobalSection(SolutionProperties) = preSolution
		HideSolutionNode = FALSE
	EndGlobalSection
	GlobalSection(ExtensibilityGlobals) = postSolution
		SolutionGuid = {95C309DC-FFB7-4038-859C-124F379D253F}
	EndGlobalSection
EndGlobal
